<?xml version="1.0" encoding="utf-8"?>
<Project ToolsVersion="4.0" xmlns="http://schemas.microsoft.com/developer/msbuild/2003">
  <ItemGroup>
    <Filter Include="Source Files">
      <UniqueIdentifier>{4FC737F1-C7A5-4376-A066-2A32D752A2FF}</UniqueIdentifier>
      <Extensions>cpp;c;cc;cxx;def;odl;idl;hpj;bat;asm;asmx</Extensions>
    </Filter>
    <Filter Include="Examples">
      <UniqueIdentifier>{0e80d110-f55d-492a-a75b-f223d7131d05}</UniqueIdentifier>
    </Filter>
    <Filter Include="Examples\_e1">
      <UniqueIdentifier>{6973ccd6-35d8-4b08-9051-0d38884801f1}</UniqueIdentifier>
    </Filter>
    <Filter Include="Examples\_e2">
      <UniqueIdentifier>{3e4f2b3f-1500-4269-9be0-34623dfc2cab}</UniqueIdentifier>
    </Filter>
    <Filter Include="Examples\_e3">
      <UniqueIdentifier>{fb62a1b4-a9ef-4119-a4e3-2be2e8615ab9}</UniqueIdentifier>
    </Filter>
    <Filter Include="Examples\_e4">
      <UniqueIdentifier>{7729c4ee-029a-4916-b6d4-15cb089da587}</UniqueIdentifier>
    </Filter>
  </ItemGroup>
  <ItemGroup>
    <ClCompile Include="BaseExample.cpp">
      <Filter>Source Files</Filter>
    </ClCompile>
    <ClCompile Include="VisitorExample.cpp">
      <Filter>Source Files</Filter>
    </ClCompile>
    <ClCompile Include="_e1\Wolf.cpp">
      <Filter>Examples\_e1</Filter>
    </ClCompile>
    <ClCompile Include="ExamplesMain.cpp">
      <Filter>Examples</Filter>
    </ClCompile>
    <ClCompile Include="SubMachineExample.cpp">
      <Filter>Source Files</Filter>
    </ClCompile>
  </ItemGroup>
  <ItemGroup>
    <ClInclude Include="_e1\Wolf.h">
      <Filter>Examples\_e1</Filter>
    </ClInclude>
    <ClInclude Include="_e3\StateMachine.h">
      <Filter>Examples\_e3</Filter>
    </ClInclude>
    <ClInclude Include="_e3\Wolf.h">
      <Filter>Examples\_e3</Filter>
    </ClInclude>
    <ClInclude Include="_e4\StateMachine.h">
      <Filter>Examples\_e4</Filter>
    </ClInclude>
    <ClInclude Include="_e4\Wolf.h">
      <Filter>Examples\_e4</Filter>
    </ClInclude>
    <ClInclude Include="_e2\SimpleFSM.h">
      <Filter>Examples\_e2</Filter>
    </ClInclude>
  </ItemGroup>
</Project>